// !$*UTF8*$!
{
	archiveVersion = 1;
	classes = {
	};
	objectVersion = 50;
	objects = {

/* Begin PBXBuildFile section */
		214A8B7D238126CB0006DCB1 /* AppDelegate.swift in Sources */ = {isa = PBXBuildFile; fileRef = 214A8B7C238126CB0006DCB1 /* AppDelegate.swift */; };
		214A8B7F238126CB0006DCB1 /* SceneDelegate.swift in Sources */ = {isa = PBXBuildFile; fileRef = 214A8B7E238126CB0006DCB1 /* SceneDelegate.swift */; };
		214A8B81238126CB0006DCB1 /* ViewController.swift in Sources */ = {isa = PBXBuildFile; fileRef = 214A8B80238126CB0006DCB1 /* ViewController.swift */; };
		214A8B84238126CB0006DCB1 /* Main.storyboard in Resources */ = {isa = PBXBuildFile; fileRef = 214A8B82238126CB0006DCB1 /* Main.storyboard */; };
		214A8B86238126CC0006DCB1 /* Assets.xcassets in Resources */ = {isa = PBXBuildFile; fileRef = 214A8B85238126CC0006DCB1 /* Assets.xcassets */; };
		214A8B89238126CC0006DCB1 /* LaunchScreen.storyboard in Resources */ = {isa = PBXBuildFile; fileRef = 214A8B87238126CC0006DCB1 /* LaunchScreen.storyboard */; };
		214A8B94238126CC0006DCB1 /* I_Am_RichTests.swift in Sources */ = {isa = PBXBuildFile; fileRef = 214A8B93238126CC0006DCB1 /* I_Am_RichTests.swift */; };
		214A8B9F238126CC0006DCB1 /* I_Am_RichUITests.swift in Sources */ = {isa = PBXBuildFile; fileRef = 214A8B9E238126CC0006DCB1 /* I_Am_RichUITests.swift */; };
/* End PBXBuildFile section */

/* Begin PBXContainerItemProxy section */
		214A8B90238126CC0006DCB1 /* PBXContainerItemProxy */ = {
			isa = PBXContainerItemProxy;
			containerPortal = 214A8B71238126CB0006DCB1 /* Project object */;
			proxyType = 1;
			remoteGlobalIDString = 214A8B78238126CB0006DCB1;
			remoteInfo = "I Am Rich";
		};
		214A8B9B238126CC0006DCB1 /* PBXContainerItemProxy */ = {
			isa = PBXContainerItemProxy;
			containerPortal = 214A8B71238126CB0006DCB1 /* Project object */;
			proxyType = 1;
			remoteGlobalIDString = 214A8B78238126CB0006DCB1;
			remoteInfo = "I Am Rich";
		};
/* End PBXContainerItemProxy section */

/* Begin PBXFileReference section */
		214A8B79238126CB0006DCB1 /* I Am Rich.app */ = {isa = PBXFileReference; explicitFileType = wrapper.application; includeInIndex = 0; path = "I Am Rich.app"; sourceTree = BUILT_PRODUCTS_DIR; };
		214A8B7C238126CB0006DCB1 /* AppDelegate.swift */ = {isa = PBXFileReference; lastKnownFileType = sourcecode.swift; path = AppDelegate.swift; sourceTree = "<group>"; };
		214A8B7E238126CB0006DCB1 /* SceneDelegate.swift */ = {isa = PBXFileReference; lastKnownFileType = sourcecode.swift; path = SceneDelegate.swift; sourceTree = "<group>"; };
		214A8B80238126CB0006DCB1 /* ViewController.swift */ = {isa = PBXFileReference; lastKnownFileType = sourcecode.swift; path = ViewController.swift; sourceTree = "<group>"; };
		214A8B83238126CB0006DCB1 /* Base */ = {isa = PBXFileReference; lastKnownFileType = file.storyboard; name = Base; path = Base.lproj/Main.storyboard; sourceTree = "<group>"; };
		214A8B85238126CC0006DCB1 /* Assets.xcassets */ = {isa = PBXFileReference; lastKnownFileType = folder.assetcatalog; path = Assets.xcassets; sourceTree = "<group>"; };
		214A8B88238126CC0006DCB1 /* Base */ = {isa = PBXFileReference; lastKnownFileType = file.storyboard; name = Base; path = Base.lproj/LaunchScreen.storyboard; sourceTree = "<group>"; };
		214A8B8A238126CC0006DCB1 /* Info.plist */ = {isa = PBXFileReference; lastKnownFileType = text.plist.xml; path = Info.plist; sourceTree = "<group>"; };
		214A8B8F238126CC0006DCB1 /* I Am RichTests.xctest */ = {isa = PBXFileReference; explicitFileType = wrapper.cfbundle; includeInIndex = 0; path = "I Am RichTests.xctest"; sourceTree = BUILT_PRODUCTS_DIR; };
		214A8B93238126CC0006DCB1 /* I_Am_RichTests.swift */ = {isa = PBXFileReference; lastKnownFileType = sourcecode.swift; path = I_Am_RichTests.swift; sourceTree = "<group>"; };
		214A8B95238126CC0006DCB1 /* Info.plist */ = {isa = PBXFileReference; lastKnownFileType = text.plist.xml; path = Info.plist; sourceTree = "<group>"; };
		214A8B9A238126CC0006DCB1 /* I Am RichUITests.xctest */ = {isa = PBXFileReference; explicitFileType = wrapper.cfbundle; includeInIndex = 0; path = "I Am RichUITests.xctest"; sourceTree = BUILT_PRODUCTS_DIR; };
		214A8B9E238126CC0006DCB1 /* I_Am_RichUITests.swift */ = {isa = PBXFileReference; lastKnownFileType = sourcecode.swift; path = I_Am_RichUITests.swift; sourceTree = "<group>"; };
		214A8BA0238126CC0006DCB1 /* Info.plist */ = {isa = PBXFileReference; lastKnownFileType = text.plist.xml; path = Info.plist; sourceTree = "<group>"; };
/* End PBXFileReference section */

/* Begin PBXFrameworksBuildPhase section */
		214A8B76238126CB0006DCB1 /* Frameworks */ = {
			isa = PBXFrameworksBuildPhase;
			buildActionMask = 2147483647;
			files = (
			);
			runOnlyForDeploymentPostprocessing = 0;
		};
		214A8B8C238126CC0006DCB1 /* Frameworks */ = {
			isa = PBXFrameworksBuildPhase;
			buildActionMask = 2147483647;
			files = (
			);
			runOnlyForDeploymentPostprocessing = 0;
		};
		214A8B97238126CC0006DCB1 /* Frameworks */ = {
			isa = PBXFrameworksBuildPhase;
			buildActionMask = 2147483647;
			files = (
			);
			runOnlyForDeploymentPostprocessing = 0;
		};
/* End PBXFrameworksBuildPhase section */

/* Begin PBXGroup section */
		214A8B70238126CB0006DCB1 = {
			isa = PBXGroup;
			children = (
				214A8B7B238126CB0006DCB1 /* I Am Rich */,
				214A8B92238126CC0006DCB1 /* I Am RichTests */,
				214A8B9D238126CC0006DCB1 /* I Am RichUITests */,
				214A8B7A238126CB0006DCB1 /* Products */,
			);
			sourceTree = "<group>";
		};
		214A8B7A238126CB0006DCB1 /* Products */ = {
			isa = PBXGroup;
			children = (
				214A8B79238126CB0006DCB1 /* I Am Rich.app */,
				214A8B8F238126CC0006DCB1 /* I Am RichTests.xctest */,
				214A8B9A238126CC0006DCB1 /* I Am RichUITests.xctest */,
			);
			name = Products;
			sourceTree = "<group>";
		};
		214A8B7B238126CB0006DCB1 /* I Am Rich */ = {
			isa = PBXGroup;
			children = (
				214A8B7C238126CB0006DCB1 /* AppDelegate.swift */,
				214A8B7E238126CB0006DCB1 /* SceneDelegate.swift */,
				214A8B80238126CB0006DCB1 /* ViewController.swift */,
				214A8B82238126CB0006DCB1 /* Main.storyboard */,
				214A8B85238126CC0006DCB1 /* Assets.xcassets */,
				214A8B87238126CC0006DCB1 /* LaunchScreen.storyboard */,
				214A8B8A238126CC0006DCB1 /* Info.plist */,
			);
			path = "I Am Rich";
			sourceTree = "<group>";
		};
		214A8B92238126CC0006DCB1 /* I Am RichTests */ = {
			isa = PBXGroup;
			children = (
				214A8B93238126CC0006DCB1 /* I_Am_RichTests.swift */,
				214A8B95238126CC0006DCB1 /* Info.plist */,
			);
			path = "I Am RichTests";
			sourceTree = "<group>";
		};
		214A8B9D238126CC0006DCB1 /* I Am RichUITests */ = {
			isa = PBXGroup;
			children = (
				214A8B9E238126CC0006DCB1 /* I_Am_RichUITests.swift */,
				214A8BA0238126CC0006DCB1 /* Info.plist */,
			);
			path = "I Am RichUITests";
			sourceTree = "<group>";
		};
/* End PBXGroup section */

/* Begin PBXNativeTarget section */
		214A8B78238126CB0006DCB1 /* I Am Rich */ = {
			isa = PBXNativeTarget;
			buildConfigurationList = 214A8BA3238126CC0006DCB1 /* Build configuration list for PBXNativeTarget "I Am Rich" */;
			buildPhases = (
				214A8B75238126CB0006DCB1 /* Sources */,
				214A8B76238126CB0006DCB1 /* Frameworks */,
				214A8B77238126CB0006DCB1 /* Resources */,
			);
			buildRules = (
			);
			dependencies = (
			);
			name = "I Am Rich";
			productName = "I Am Rich";
			productReference = 214A8B79238126CB0006DCB1 /* I Am Rich.app */;
			productType = "com.apple.product-type.application";
		};
		214A8B8E238126CC0006DCB1 /* I Am RichTests */ = {
			isa = PBXNativeTarget;
			buildConfigurationList = 214A8BA6238126CC0006DCB1 /* Build configuration list for PBXNativeTarget "I Am RichTests" */;
			buildPhases = (
				214A8B8B238126CC0006DCB1 /* Sources */,
				214A8B8C238126CC0006DCB1 /* Frameworks */,
				214A8B8D238126CC0006DCB1 /* Resources */,
			);
			buildRules = (
			);
			dependencies = (
				214A8B91238126CC0006DCB1 /* PBXTargetDependency */,
			);
			name = "I Am RichTests";
			productName = "I Am RichTests";
			productReference = 214A8B8F238126CC0006DCB1 /* I Am RichTests.xctest */;
			productType = "com.apple.product-type.bundle.unit-test";
		};
		214A8B99238126CC0006DCB1 /* I Am RichUITests */ = {
			isa = PBXNativeTarget;
			buildConfigurationList = 214A8BA9238126CC0006DCB1 /* Build configuration list for PBXNativeTarget "I Am RichUITests" */;
			buildPhases = (
				214A8B96238126CC0006DCB1 /* Sources */,
				214A8B97238126CC0006DCB1 /* Frameworks */,
				214A8B98238126CC0006DCB1 /* Resources */,
			);
			buildRules = (
			);
			dependencies = (
				214A8B9C238126CC0006DCB1 /* PBXTargetDependency */,
			);
			name = "I Am RichUITests";
			productName = "I Am RichUITests";
			productReference = 214A8B9A238126CC0006DCB1 /* I Am RichUITests.xctest */;
			productType = "com.apple.product-type.bundle.ui-testing";
		};
/* End PBXNativeTarget section */

/* Begin PBXProject section */
		214A8B71238126CB0006DCB1 /* Project object */ = {
			isa = PBXProject;
			attributes = {
				LastSwiftUpdateCheck = 1120;
				LastUpgradeCheck = 1120;
				ORGANIZATIONNAME = "Veldanov, Anton";
				TargetAttributes = {
					214A8B78238126CB0006DCB1 = {
						CreatedOnToolsVersion = 11.2.1;
					};
					214A8B8E238126CC0006DCB1 = {
						CreatedOnToolsVersion = 11.2.1;
						TestTargetID = 214A8B78238126CB0006DCB1;
					};
					214A8B99238126CC0006DCB1 = {
						CreatedOnToolsVersion = 11.2.1;
						TestTargetID = 214A8B78238126CB0006DCB1;
					};
				};
			};
			buildConfigurationList = 214A8B74238126CB0006DCB1 /* Build configuration list for PBXProject "I Am Rich" */;
			compatibilityVersion = "Xcode 9.3";
			developmentRegion = en;
			hasScannedForEncodings = 0;
			knownRegions = (
				en,
				Base,
			);
			mainGroup = 214A8B70238126CB0006DCB1;
			productRefGroup = 214A8B7A238126CB0006DCB1 /* Products */;
			projectDirPath = "";
			projectRoot = "";
			targets = (
				214A8B78238126CB0006DCB1 /* I Am Rich */,
				214A8B8E238126CC0006DCB1 /* I Am RichTests */,
				214A8B99238126CC0006DCB1 /* I Am RichUITests */,
			);
		};
/* End PBXProject section */

/* Begin PBXResourcesBuildPhase section */
		214A8B77238126CB0006DCB1 /* Resources */ = {
			isa = PBXResourcesBuildPhase;
			buildActionMask = 2147483647;
			files = (
				214A8B89238126CC0006DCB1 /* LaunchScreen.storyboard in Resources */,
				214A8B86238126CC0006DCB1 /* Assets.xcassets in Resources */,
				214A8B84238126CB0006DCB1 /* Main.storyboard in Resources */,
			);
			runOnlyForDeploymentPostprocessing = 0;
		};
		214A8B8D238126CC0006DCB1 /* Resources */ = {
			isa = PBXResourcesBuildPhase;
			buildActionMask = 2147483647;
			files = (
			);
			runOnlyForDeploymentPostprocessing = 0;
		};
		214A8B98238126CC0006DCB1 /* Resources */ = {
			isa = PBXResourcesBuildPhase;
			buildActionMask = 2147483647;
			files = (
			);
			runOnlyForDeploymentPostprocessing = 0;
		};
/* End PBXResourcesBuildPhase section */

/* Begin PBXSourcesBuildPhase section */
		214A8B75238126CB0006DCB1 /* Sources */ = {
			isa = PBXSourcesBuildPhase;
			buildActionMask = 2147483647;
			files = (
				214A8B81238126CB0006DCB1 /* ViewController.swift in Sources */,
				214A8B7D238126CB0006DCB1 /* AppDelegate.swift in Sources */,
				214A8B7F238126CB0006DCB1 /* SceneDelegate.swift in Sources */,
			);
			runOnlyForDeploymentPostprocessing = 0;
		};
		214A8B8B238126CC0006DCB1 /* Sources */ = {
			isa = PBXSourcesBuildPhase;
			buildActionMask = 2147483647;
			files = (
				214A8B94238126CC0006DCB1 /* I_Am_RichTests.swift in Sources */,
			);
			runOnlyForDeploymentPostprocessing = 0;
		};
		214A8B96238126CC0006DCB1 /* Sources */ = {
			isa = PBXSourcesBuildPhase;
			buildActionMask = 2147483647;
			files = (
				214A8B9F238126CC0006DCB1 /* I_Am_RichUITests.swift in Sources */,
			);
			runOnlyForDeploymentPostprocessing = 0;
		};
/* End PBXSourcesBuildPhase section */

/* Begin PBXTargetDependency section */
		214A8B91238126CC0006DCB1 /* PBXTargetDependency */ = {
			isa = PBXTargetDependency;
			target = 214A8B78238126CB0006DCB1 /* I Am Rich */;
			targetProxy = 214A8B90238126CC0006DCB1 /* PBXContainerItemProxy */;
		};
		214A8B9C238126CC0006DCB1 /* PBXTargetDependency */ = {
			isa = PBXTargetDependency;
			target = 214A8B78238126CB0006DCB1 /* I Am Rich */;
			targetProxy = 214A8B9B238126CC0006DCB1 /* PBXContainerItemProxy */;
		};
/* End PBXTargetDependency section */

/* Begin PBXVariantGroup section */
		214A8B82238126CB0006DCB1 /* Main.storyboard */ = {
			isa = PBXVariantGroup;
			children = (
				214A8B83238126CB0006DCB1 /* Base */,
			);
			name = Main.storyboard;
			sourceTree = "<group>";
		};
		214A8B87238126CC0006DCB1 /* LaunchScreen.storyboard */ = {
			isa = PBXVariantGroup;
			children = (
				214A8B88238126CC0006DCB1 /* Base */,
			);
			name = LaunchScreen.storyboard;
			sourceTree = "<group>";
		};
/* End PBXVariantGroup section */

/* Begin XCBuildConfiguration section */
		214A8BA1238126CC0006DCB1 /* Debug */ = {
			isa = XCBuildConfiguration;
			buildSettings = {
				ALWAYS_SEARCH_USER_PATHS = NO;
				CLANG_ANALYZER_NONNULL = YES;
				CLANG_ANALYZER_NUMBER_OBJECT_CONVERSION = YES_AGGRESSIVE;
				CLANG_CXX_LANGUAGE_STANDARD = "gnu++14";
				CLANG_CXX_LIBRARY = "libc++";
				CLANG_ENABLE_MODULES = YES;
				CLANG_ENABLE_OBJC_ARC = YES;
				CLANG_ENABLE_OBJC_WEAK = YES;
				CLANG_WARN_BLOCK_CAPTURE_AUTORELEASING = YES;
				CLANG_WARN_BOOL_CONVERSION = YES;
				CLANG_WARN_COMMA = YES;
				CLANG_WARN_CONSTANT_CONVERSION = YES;
				CLANG_WARN_DEPRECATED_OBJC_IMPLEMENTATIONS = YES;
				CLANG_WARN_DIRECT_OBJC_ISA_USAGE = YES_ERROR;
				CLANG_WARN_DOCUMENTATION_COMMENTS = YES;
				CLANG_WARN_EMPTY_BODY = YES;
				CLANG_WARN_ENUM_CONVERSION = YES;
				CLANG_WARN_INFINITE_RECURSION = YES;
				CLANG_WARN_INT_CONVERSION = YES;
				CLANG_WARN_NON_LITERAL_NULL_CONVERSION = YES;
				CLANG_WARN_OBJC_IMPLICIT_RETAIN_SELF = YES;
				CLANG_WARN_OBJC_LITERAL_CONVERSION = YES;
				CLANG_WARN_OBJC_ROOT_CLASS = YES_ERROR;
				CLANG_WARN_RANGE_LOOP_ANALYSIS = YES;
				CLANG_WARN_STRICT_PROTOTYPES = YES;
				CLANG_WARN_SUSPICIOUS_MOVE = YES;
				CLANG_WARN_UNGUARDED_AVAILABILITY = YES_AGGRESSIVE;
				CLANG_WARN_UNREACHABLE_CODE = YES;
				CLANG_WARN__DUPLICATE_METHOD_MATCH = YES;
				COPY_PHASE_STRIP = NO;
				DEBUG_INFORMATION_FORMAT = dwarf;
				ENABLE_STRICT_OBJC_MSGSEND = YES;
				ENABLE_TESTABILITY = YES;
				GCC_C_LANGUAGE_STANDARD = gnu11;
				GCC_DYNAMIC_NO_PIC = NO;
				GCC_NO_COMMON_BLOCKS = YES;
				GCC_OPTIMIZATION_LEVEL = 0;
				GCC_PREPROCESSOR_DEFINITIONS = (
					"DEBUG=1",
					"$(inherited)",
				);
				GCC_WARN_64_TO_32_BIT_CONVERSION = YES;
				GCC_WARN_ABOUT_RETURN_TYPE = YES_ERROR;
				GCC_WARN_UNDECLARED_SELECTOR = YES;
				GCC_WARN_UNINITIALIZED_AUTOS = YES_AGGRESSIVE;
				GCC_WARN_UNUSED_FUNCTION = YES;
				GCC_WARN_UNUSED_VARIABLE = YES;
				IPHONEOS_DEPLOYMENT_TARGET = 13.2;
				MTL_ENABLE_DEBUG_INFO = INCLUDE_SOURCE;
				MTL_FAST_MATH = YES;
				ONLY_ACTIVE_ARCH = YES;
				SDKROOT = iphoneos;
				SWIFT_ACTIVE_COMPILATION_CONDITIONS = DEBUG;
				SWIFT_OPTIMIZATION_LEVEL = "-Onone";
			};
			name = Debug;
		};
		214A8BA2238126CC0006DCB1 /* Release */ = {
			isa = XCBuildConfiguration;
			buildSettings = {
				ALWAYS_SEARCH_USER_PATHS = NO;
				CLANG_ANALYZER_NONNULL = YES;
				CLANG_ANALYZER_NUMBER_OBJECT_CONVERSION = YES_AGGRESSIVE;
				CLANG_CXX_LANGUAGE_STANDARD = "gnu++14";
				CLANG_CXX_LIBRARY = "libc++";
				CLANG_ENABLE_MODULES = YES;
				CLANG_ENABLE_OBJC_ARC = YES;
				CLANG_ENABLE_OBJC_WEAK = YES;
				CLANG_WARN_BLOCK_CAPTURE_AUTORELEASING = YES;
				CLANG_WARN_BOOL_CONVERSION = YES;
				CLANG_WARN_COMMA = YES;
				CLANG_WARN_CONSTANT_CONVERSION = YES;
				CLANG_WARN_DEPRECATED_OBJC_IMPLEMENTATIONS = YES;
				CLANG_WARN_DIRECT_OBJC_ISA_USAGE = YES_ERROR;
				CLANG_WARN_DOCUMENTATION_COMMENTS = YES;
				CLANG_WARN_EMPTY_BODY = YES;
				CLANG_WARN_ENUM_CONVERSION = YES;
				CLANG_WARN_INFINITE_RECURSION = YES;
				CLANG_WARN_INT_CONVERSION = YES;
				CLANG_WARN_NON_LITERAL_NULL_CONVERSION = YES;
				CLANG_WARN_OBJC_IMPLICIT_RETAIN_SELF = YES;
				CLANG_WARN_OBJC_LITERAL_CONVERSION = YES;
				CLANG_WARN_OBJC_ROOT_CLASS = YES_ERROR;
				CLANG_WARN_RANGE_LOOP_ANALYSIS = YES;
				CLANG_WARN_STRICT_PROTOTYPES = YES;
				CLANG_WARN_SUSPICIOUS_MOVE = YES;
				CLANG_WARN_UNGUARDED_AVAILABILITY = YES_AGGRESSIVE;
				CLANG_WARN_UNREACHABLE_CODE = YES;
				CLANG_WARN__DUPLICATE_METHOD_MATCH = YES;
				COPY_PHASE_STRIP = NO;
				DEBUG_INFORMATION_FORMAT = "dwarf-with-dsym";
				ENABLE_NS_ASSERTIONS = NO;
				ENABLE_STRICT_OBJC_MSGSEND = YES;
				GCC_C_LANGUAGE_STANDARD = gnu11;
				GCC_NO_COMMON_BLOCKS = YES;
				GCC_WARN_64_TO_32_BIT_CONVERSION = YES;
				GCC_WARN_ABOUT_RETURN_TYPE = YES_ERROR;
				GCC_WARN_UNDECLARED_SELECTOR = YES;
				GCC_WARN_UNINITIALIZED_AUTOS = YES_AGGRESSIVE;
				GCC_WARN_UNUSED_FUNCTION = YES;
				GCC_WARN_UNUSED_VARIABLE = YES;
				IPHONEOS_DEPLOYMENT_TARGET = 13.2;
				MTL_ENABLE_DEBUG_INFO = NO;
				MTL_FAST_MATH = YES;
				SDKROOT = iphoneos;
				SWIFT_COMPILATION_MODE = wholemodule;
				SWIFT_OPTIMIZATION_LEVEL = "-O";
				VALIDATE_PRODUCT = YES;
			};
			name = Release;
		};
		214A8BA4238126CC0006DCB1 /* Debug */ = {
			isa = XCBuildConfiguration;
			buildSettings = {
				ASSETCATALOG_COMPILER_APPICON_NAME = AppIcon;
				CODE_SIGN_STYLE = Automatic;
				INFOPLIST_FILE = "I Am Rich/Info.plist";
				LD_RUNPATH_SEARCH_PATHS = (
					"$(inherited)",
					"@executable_path/Frameworks",
				);
				PRODUCT_BUNDLE_IDENTIFIER = "com.aveldanov.I-Am-Rich";
				PRODUCT_NAME = "$(TARGET_NAME)";
				SWIFT_VERSION = 5.0;
				TARGETED_DEVICE_FAMILY = "1,2";
			};
			name = Debug;
		};
		214A8BA5238126CC0006DCB1 /* Release */ = {
			isa = XCBuildConfiguration;
			buildSettings = {
				ASSETCATALOG_COMPILER_APPICON_NAME = AppIcon;
				CODE_SIGN_STYLE = Automatic;
				INFOPLIST_FILE = "I Am Rich/Info.plist";
				LD_RUNPATH_SEARCH_PATHS = (
					"$(inherited)",
					"@executable_path/Frameworks",
				);
				PRODUCT_BUNDLE_IDENTIFIER = "com.aveldanov.I-Am-Rich";
				PRODUCT_NAME = "$(TARGET_NAME)";
				SWIFT_VERSION = 5.0;
				TARGETED_DEVICE_FAMILY = "1,2";
			};
			name = Release;
		};
		214A8BA7238126CC0006DCB1 /* Debug */ = {
			isa = XCBuildConfiguration;
			buildSettings = {
				ALWAYS_EMBED_SWIFT_STANDARD_LIBRARIES = YES;
				BUNDLE_LOADER = "$(TEST_HOST)";
				CODE_SIGN_STYLE = Automatic;
				INFOPLIST_FILE = "I Am RichTests/Info.plist";
				IPHONEOS_DEPLOYMENT_TARGET = 13.2;
				LD_RUNPATH_SEARCH_PATHS = (
					"$(inherited)",
					"@executable_path/Frameworks",
					"@loader_path/Frameworks",
				);
				PRODUCT_BUNDLE_IDENTIFIER = "com.aveldanov.I-Am-RichTests";
				PRODUCT_NAME = "$(TARGET_NAME)";
				SWIFT_VERSION = 5.0;
				TARGETED_DEVICE_FAMILY = "1,2";
				TEST_HOST = "$(BUILT_PRODUCTS_DIR)/I Am Rich.app/I Am Rich";
			};
			name = Debug;
		};
		214A8BA8238126CC0006DCB1 /* Release */ = {
			isa = XCBuildConfiguration;
			buildSettings = {
				ALWAYS_EMBED_SWIFT_STANDARD_LIBRARIES = YES;
				BUNDLE_LOADER = "$(TEST_HOST)";
				CODE_SIGN_STYLE = Automatic;
				INFOPLIST_FILE = "I Am RichTests/Info.plist";
				IPHONEOS_DEPLOYMENT_TARGET = 13.2;
				LD_RUNPATH_SEARCH_PATHS = (
					"$(inherited)",
					"@executable_path/Frameworks",
					"@loader_path/Frameworks",
				);
				PRODUCT_BUNDLE_IDENTIFIER = "com.aveldanov.I-Am-RichTests";
				PRODUCT_NAME = "$(TARGET_NAME)";
				SWIFT_VERSION = 5.0;
				TARGETED_DEVICE_FAMILY = "1,2";
				TEST_HOST = "$(BUILT_PRODUCTS_DIR)/I Am Rich.app/I Am Rich";
			};
			name = Release;
		};
		214A8BAA238126CC0006DCB1 /* Debug */ = {
			isa = XCBuildConfiguration;
			buildSettings = {
				ALWAYS_EMBED_SWIFT_STANDARD_LIBRARIES = YES;
				CODE_SIGN_STYLE = Automatic;
				INFOPLIST_FILE = "I Am RichUITests/Info.plist";
				LD_RUNPATH_SEARCH_PATHS = (
					"$(inherited)",
					"@executable_path/Frameworks",
					"@loader_path/Frameworks",
				);
				PRODUCT_BUNDLE_IDENTIFIER = "com.aveldanov.I-Am-RichUITests";
				PRODUCT_NAME = "$(TARGET_NAME)";
				SWIFT_VERSION = 5.0;
				TARGETED_DEVICE_FAMILY = "1,2";
				TEST_TARGET_NAME = "I Am Rich";
			};
			name = Debug;
		};
		214A8BAB238126CC0006DCB1 /* Release */ = {
			isa = XCBuildConfiguration;
			buildSettings = {
				ALWAYS_EMBED_SWIFT_STANDARD_LIBRARIES = YES;
				CODE_SIGN_STYLE = Automatic;
				INFOPLIST_FILE = "I Am RichUITests/Info.plist";
				LD_RUNPATH_SEARCH_PATHS = (
					"$(inherited)",
					"@executable_path/Frameworks",
					"@loader_path/Frameworks",
				);
				PRODUCT_BUNDLE_IDENTIFIER = "com.aveldanov.I-Am-RichUITests";
				PRODUCT_NAME = "$(TARGET_NAME)";
				SWIFT_VERSION = 5.0;
				TARGETED_DEVICE_FAMILY = "1,2";
				TEST_TARGET_NAME = "I Am Rich";
			};
			name = Release;
		};
/* End XCBuildConfiguration section */

/* Begin XCConfigurationList section */
		214A8B74238126CB0006DCB1 /* Build configuration list for PBXProject "I Am Rich" */ = {
			isa = XCConfigurationList;
			buildConfigurations = (
				214A8BA1238126CC0006DCB1 /* Debug */,
				214A8BA2238126CC0006DCB1 /* Release */,
			);
			defaultConfigurationIsVisible = 0;
			defaultConfigurationName = Release;
		};
		214A8BA3238126CC0006DCB1 /* Build configuration list for PBXNativeTarget "I Am Rich" */ = {
			isa = XCConfigurationList;
			buildConfigurations = (
				214A8BA4238126CC0006DCB1 /* Debug */,
				214A8BA5238126CC0006DCB1 /* Release */,
			);
			defaultConfigurationIsVisible = 0;
			defaultConfigurationName = Release;
		};
		214A8BA6238126CC0006DCB1 /* Build configuration list for PBXNativeTarget "I Am RichTests" */ = {
			isa = XCConfigurationList;
			buildConfigurations = (
				214A8BA7238126CC0006DCB1 /* Debug */,
				214A8BA8238126CC0006DCB1 /* Release */,
			);
			defaultConfigurationIsVisible = 0;
			defaultConfigurationName = Release;
		};
		214A8BA9238126CC0006DCB1 /* Build configuration list for PBXNativeTarget "I Am RichUITests" */ = {
			isa = XCConfigurationList;
			buildConfigurations = (
				214A8BAA238126CC0006DCB1 /* Debug */,
				214A8BAB238126CC0006DCB1 /* Release */,
			);
			defaultConfigurationIsVisible = 0;
			defaultConfigurationName = Release;
		};
/* End XCConfigurationList section */
	};
	rootObject = 214A8B71238126CB0006DCB1 /* Project object */;
}
